
Microsoft Visual Studio Solution File, Format Version 12.00
# Visual Studio Version 17
VisualStudioVersion = 17.2.32630.192
MinimumVisualStudioVersion = 10.0.40219.1
Project("{9A19103F-16F7-4668-BE54-9A1E7A4F7556}") = "Lab_1", "Lab_1\Lab_1.csproj", "{FBE52B12-25D5-4FBC-910B-344334E3FB7B}"
EndProject
Project("{FAE04EC0-301F-11D3-BF4B-00C04F79EFBC}") = "Tests.Lab_1", "Tests.Lab_1\Tests.Lab_1.csproj", "{59F70E83-B5D3-4676-9156-BF04C438332D}"
EndProject
Global
	GlobalSection(SolutionConfigurationPlatforms) = preSolution
		Debug|Any CPU = Debug|Any CPU
		Release|Any CPU = Release|Any CPU
	EndGlobalSection
	GlobalSection(ProjectConfigurationPlatforms) = postSolution
		{FBE52B12-25D5-4FBC-910B-344334E3FB7B}.Debug|Any CPU.ActiveCfg = Debug|Any CPU
		{FBE52B12-25D5-4FBC-910B-344334E3FB7B}.Debug|Any CPU.Build.0 = Debug|Any CPU
		{FBE52B12-25D5-4FBC-910B-344334E3FB7B}.Release|Any CPU.ActiveCfg = Release|Any CPU
		{FBE52B12-25D5-4FBC-910B-344334E3FB7B}.Release|Any CPU.Build.0 = Release|Any CPU
		{59F70E83-B5D3-4676-9156-BF04C438332D}.Debug|Any CPU.ActiveCfg = Debug|Any CPU
		{59F70E83-B5D3-4676-9156-BF04C438332D}.Debug|Any CPU.Build.0 = Debug|Any CPU
		{59F70E83-B5D3-4676-9156-BF04C438332D}.Release|Any CPU.ActiveCfg = Release|Any CPU
		{59F70E83-B5D3-4676-9156-BF04C438332D}.Release|Any CPU.Build.0 = Release|Any CPU
	EndGlobalSection
	GlobalSection(SolutionProperties) = preSolution
		HideSolutionNode = FALSE
	EndGlobalSection
	GlobalSection(ExtensibilityGlobals) = postSolution
		SolutionGuid = {E7459EA4-ECB3-41D6-94BB-BF3552F5B6CC}
	EndGlobalSection
EndGlobal
